
Microsoft Visual Studio Solution File, Format Version 12.00
# Visual Studio Version 16
VisualStudioVersion = 16.0.29911.84
MinimumVisualStudioVersion = 10.0.40219.1
Project("{FAE04EC0-301F-11D3-BF4B-00C04F79EFBC}") = "SharpFlappyBird(WinForms)", "SharpFlappyBird(WinForms)\SharpFlappyBird(WinForms).csproj", "{14A8D749-7532-4B4F-8CE5-62BE6E01B436}"
EndProject
Project("{2150E333-8FDC-42A3-9474-1A3956D46DE8}") = "WinForms", "WinForms", "{C8D41D3C-9139-4E85-B481-88309210DD25}"
EndProject
Project("{2150E333-8FDC-42A3-9474-1A3956D46DE8}") = "Eto", "Eto", "{C27C56EE-14C8-40B6-B3A8-67424B538B1C}"
EndProject
Project("{D954291E-2A0B-460D-934E-DC6B0785DB48}") = "FlappyBirdEngine", "FlappyBirdEngine\FlappyBirdEngine.shproj", "{9F188DBC-D1D9-4436-A70E-5BCB4C752896}"
EndProject
Project("{9A19103F-16F7-4668-BE54-9A1E7A4F7556}") = "SharpFlappyBird", "SharpFlappyBird(Eto)\SharpFlappyBird\SharpFlappyBird.csproj", "{D1848984-A2CA-4745-815E-4B68801D8897}"
EndProject
Project("{9A19103F-16F7-4668-BE54-9A1E7A4F7556}") = "SharpFlappyBird.Desktop", "SharpFlappyBird(Eto)\SharpFlappyBird.Desktop\SharpFlappyBird.Desktop.csproj", "{7ECD1E1D-3E0D-4CF9-84BC-C2024D6057EB}"
EndProject
Global
	GlobalSection(SharedMSBuildProjectFiles) = preSolution
		FlappyBirdEngine\FlappyBirdEngine.projitems*{14a8d749-7532-4b4f-8ce5-62be6e01b436}*SharedItemsImports = 4
		FlappyBirdEngine\FlappyBirdEngine.projitems*{9f188dbc-d1d9-4436-a70e-5bcb4c752896}*SharedItemsImports = 13
		FlappyBirdEngine\FlappyBirdEngine.projitems*{d1848984-a2ca-4745-815e-4b68801d8897}*SharedItemsImports = 5
	EndGlobalSection
	GlobalSection(SolutionConfigurationPlatforms) = preSolution
		Debug|Any CPU = Debug|Any CPU
		Release|Any CPU = Release|Any CPU
	EndGlobalSection
	GlobalSection(ProjectConfigurationPlatforms) = postSolution
		{14A8D749-7532-4B4F-8CE5-62BE6E01B436}.Debug|Any CPU.ActiveCfg = Debug|Any CPU
		{14A8D749-7532-4B4F-8CE5-62BE6E01B436}.Debug|Any CPU.Build.0 = Debug|Any CPU
		{14A8D749-7532-4B4F-8CE5-62BE6E01B436}.Release|Any CPU.ActiveCfg = Release|Any CPU
		{14A8D749-7532-4B4F-8CE5-62BE6E01B436}.Release|Any CPU.Build.0 = Release|Any CPU
		{D1848984-A2CA-4745-815E-4B68801D8897}.Debug|Any CPU.ActiveCfg = Debug|Any CPU
		{D1848984-A2CA-4745-815E-4B68801D8897}.Debug|Any CPU.Build.0 = Debug|Any CPU
		{D1848984-A2CA-4745-815E-4B68801D8897}.Release|Any CPU.ActiveCfg = Release|Any CPU
		{D1848984-A2CA-4745-815E-4B68801D8897}.Release|Any CPU.Build.0 = Release|Any CPU
		{7ECD1E1D-3E0D-4CF9-84BC-C2024D6057EB}.Debug|Any CPU.ActiveCfg = Debug|Any CPU
		{7ECD1E1D-3E0D-4CF9-84BC-C2024D6057EB}.Debug|Any CPU.Build.0 = Debug|Any CPU
		{7ECD1E1D-3E0D-4CF9-84BC-C2024D6057EB}.Release|Any CPU.ActiveCfg = Release|Any CPU
		{7ECD1E1D-3E0D-4CF9-84BC-C2024D6057EB}.Release|Any CPU.Build.0 = Release|Any CPU
	EndGlobalSection
	GlobalSection(SolutionProperties) = preSolution
		HideSolutionNode = FALSE
	EndGlobalSection
	GlobalSection(NestedProjects) = preSolution
		{14A8D749-7532-4B4F-8CE5-62BE6E01B436} = {C8D41D3C-9139-4E85-B481-88309210DD25}
		{D1848984-A2CA-4745-815E-4B68801D8897} = {C27C56EE-14C8-40B6-B3A8-67424B538B1C}
		{7ECD1E1D-3E0D-4CF9-84BC-C2024D6057EB} = {C27C56EE-14C8-40B6-B3A8-67424B538B1C}
	EndGlobalSection
	GlobalSection(ExtensibilityGlobals) = postSolution
		SolutionGuid = {FB2E8EDA-AEC1-499D-84CC-CC069CCCD94D}
	EndGlobalSection
EndGlobal
